
Microsoft Visual Studio Solution File, Format Version 12.00
# Visual Studio Version 16
VisualStudioVersion = 16.0.30804.86
MinimumVisualStudioVersion = 10.0.40219.1
Project("{FAE04EC0-301F-11D3-BF4B-00C04F79EFBC}") = "Applify.Android", "Applify\Applify.Android\Applify.Android.csproj", "{C070641F-35B8-4085-8367-3C3BCA441498}"
EndProject
Project("{FAE04EC0-301F-11D3-BF4B-00C04F79EFBC}") = "Applify.iOS", "Applify\Applify.iOS\Applify.iOS.csproj", "{974A1883-D811-42B0-A90F-1D4CA25E814B}"
EndProject
Project("{FAE04EC0-301F-11D3-BF4B-00C04F79EFBC}") = "Applify", "Applify\Applify\Applify.csproj", "{7F7EE7E8-FF23-48BE-91B9-C602CD440EAC}"
EndProject
Global
	GlobalSection(SolutionConfigurationPlatforms) = preSolution
		Debug|Any CPU = Debug|Any CPU
		Debug|iPhone = Debug|iPhone
		Debug|iPhoneSimulator = Debug|iPhoneSimulator
		Release|Any CPU = Release|Any CPU
		Release|iPhone = Release|iPhone
		Release|iPhoneSimulator = Release|iPhoneSimulator
	EndGlobalSection
	GlobalSection(ProjectConfigurationPlatforms) = postSolution
		{C070641F-35B8-4085-8367-3C3BCA441498}.Debug|Any CPU.ActiveCfg = Debug|Any CPU
		{C070641F-35B8-4085-8367-3C3BCA441498}.Debug|Any CPU.Build.0 = Debug|Any CPU
		{C070641F-35B8-4085-8367-3C3BCA441498}.Debug|Any CPU.Deploy.0 = Debug|Any CPU
		{C070641F-35B8-4085-8367-3C3BCA441498}.Debug|iPhone.ActiveCfg = Debug|Any CPU
		{C070641F-35B8-4085-8367-3C3BCA441498}.Debug|iPhone.Build.0 = Debug|Any CPU
		{C070641F-35B8-4085-8367-3C3BCA441498}.Debug|iPhone.Deploy.0 = Debug|Any CPU
		{C070641F-35B8-4085-8367-3C3BCA441498}.Debug|iPhoneSimulator.ActiveCfg = Debug|Any CPU
		{C070641F-35B8-4085-8367-3C3BCA441498}.Debug|iPhoneSimulator.Build.0 = Debug|Any CPU
		{C070641F-35B8-4085-8367-3C3BCA441498}.Debug|iPhoneSimulator.Deploy.0 = Debug|Any CPU
		{C070641F-35B8-4085-8367-3C3BCA441498}.Release|Any CPU.ActiveCfg = Release|Any CPU
		{C070641F-35B8-4085-8367-3C3BCA441498}.Release|Any CPU.Build.0 = Release|Any CPU
		{C070641F-35B8-4085-8367-3C3BCA441498}.Release|Any CPU.Deploy.0 = Release|Any CPU
		{C070641F-35B8-4085-8367-3C3BCA441498}.Release|iPhone.ActiveCfg = Release|Any CPU
		{C070641F-35B8-4085-8367-3C3BCA441498}.Release|iPhone.Build.0 = Release|Any CPU
		{C070641F-35B8-4085-8367-3C3BCA441498}.Release|iPhone.Deploy.0 = Release|Any CPU
		{C070641F-35B8-4085-8367-3C3BCA441498}.Release|iPhoneSimulator.ActiveCfg = Release|Any CPU
		{C070641F-35B8-4085-8367-3C3BCA441498}.Release|iPhoneSimulator.Build.0 = Release|Any CPU
		{C070641F-35B8-4085-8367-3C3BCA441498}.Release|iPhoneSimulator.Deploy.0 = Release|Any CPU
		{974A1883-D811-42B0-A90F-1D4CA25E814B}.Debug|Any CPU.ActiveCfg = Debug|iPhone
		{974A1883-D811-42B0-A90F-1D4CA25E814B}.Debug|Any CPU.Build.0 = Debug|iPhone
		{974A1883-D811-42B0-A90F-1D4CA25E814B}.Debug|Any CPU.Deploy.0 = Debug|iPhone
		{974A1883-D811-42B0-A90F-1D4CA25E814B}.Debug|iPhone.ActiveCfg = Debug|iPhone
		{974A1883-D811-42B0-A90F-1D4CA25E814B}.Debug|iPhone.Build.0 = Debug|iPhone
		{974A1883-D811-42B0-A90F-1D4CA25E814B}.Debug|iPhone.Deploy.0 = Debug|iPhone
		{974A1883-D811-42B0-A90F-1D4CA25E814B}.Debug|iPhoneSimulator.ActiveCfg = Debug|iPhoneSimulator
		{974A1883-D811-42B0-A90F-1D4CA25E814B}.Debug|iPhoneSimulator.Build.0 = Debug|iPhoneSimulator
		{974A1883-D811-42B0-A90F-1D4CA25E814B}.Debug|iPhoneSimulator.Deploy.0 = Debug|iPhoneSimulator
		{974A1883-D811-42B0-A90F-1D4CA25E814B}.Release|Any CPU.ActiveCfg = Release|iPhoneSimulator
		{974A1883-D811-42B0-A90F-1D4CA25E814B}.Release|Any CPU.Build.0 = Release|iPhoneSimulator
		{974A1883-D811-42B0-A90F-1D4CA25E814B}.Release|Any CPU.Deploy.0 = Release|iPhoneSimulator
		{974A1883-D811-42B0-A90F-1D4CA25E814B}.Release|iPhone.ActiveCfg = Release|iPhone
		{974A1883-D811-42B0-A90F-1D4CA25E814B}.Release|iPhone.Build.0 = Release|iPhone
		{974A1883-D811-42B0-A90F-1D4CA25E814B}.Release|iPhone.Deploy.0 = Release|iPhone
		{974A1883-D811-42B0-A90F-1D4CA25E814B}.Release|iPhoneSimulator.ActiveCfg = Release|iPhoneSimulator
		{974A1883-D811-42B0-A90F-1D4CA25E814B}.Release|iPhoneSimulator.Build.0 = Release|iPhoneSimulator
		{974A1883-D811-42B0-A90F-1D4CA25E814B}.Release|iPhoneSimulator.Deploy.0 = Release|iPhoneSimulator
		{7F7EE7E8-FF23-48BE-91B9-C602CD440EAC}.Debug|Any CPU.ActiveCfg = Debug|Any CPU
		{7F7EE7E8-FF23-48BE-91B9-C602CD440EAC}.Debug|Any CPU.Build.0 = Debug|Any CPU
		{7F7EE7E8-FF23-48BE-91B9-C602CD440EAC}.Debug|Any CPU.Deploy.0 = Debug|Any CPU
		{7F7EE7E8-FF23-48BE-91B9-C602CD440EAC}.Debug|iPhone.ActiveCfg = Debug|Any CPU
		{7F7EE7E8-FF23-48BE-91B9-C602CD440EAC}.Debug|iPhone.Build.0 = Debug|Any CPU
		{7F7EE7E8-FF23-48BE-91B9-C602CD440EAC}.Debug|iPhone.Deploy.0 = Debug|Any CPU
		{7F7EE7E8-FF23-48BE-91B9-C602CD440EAC}.Debug|iPhoneSimulator.ActiveCfg = Debug|Any CPU
		{7F7EE7E8-FF23-48BE-91B9-C602CD440EAC}.Debug|iPhoneSimulator.Build.0 = Debug|Any CPU
		{7F7EE7E8-FF23-48BE-91B9-C602CD440EAC}.Debug|iPhoneSimulator.Deploy.0 = Debug|Any CPU
		{7F7EE7E8-FF23-48BE-91B9-C602CD440EAC}.Release|Any CPU.ActiveCfg = Release|Any CPU
		{7F7EE7E8-FF23-48BE-91B9-C602CD440EAC}.Release|Any CPU.Build.0 = Release|Any CPU
		{7F7EE7E8-FF23-48BE-91B9-C602CD440EAC}.Release|Any CPU.Deploy.0 = Release|Any CPU
		{7F7EE7E8-FF23-48BE-91B9-C602CD440EAC}.Release|iPhone.ActiveCfg = Release|Any CPU
		{7F7EE7E8-FF23-48BE-91B9-C602CD440EAC}.Release|iPhone.Build.0 = Release|Any CPU
		{7F7EE7E8-FF23-48BE-91B9-C602CD440EAC}.Release|iPhone.Deploy.0 = Release|Any CPU
		{7F7EE7E8-FF23-48BE-91B9-C602CD440EAC}.Release|iPhoneSimulator.ActiveCfg = Release|Any CPU
		{7F7EE7E8-FF23-48BE-91B9-C602CD440EAC}.Release|iPhoneSimulator.Build.0 = Release|Any CPU
		{7F7EE7E8-FF23-48BE-91B9-C602CD440EAC}.Release|iPhoneSimulator.Deploy.0 = Release|Any CPU
	EndGlobalSection
	GlobalSection(SolutionProperties) = preSolution
		HideSolutionNode = FALSE
	EndGlobalSection
	GlobalSection(ExtensibilityGlobals) = postSolution
		SolutionGuid = {7C781BD5-789C-481F-ACBD-EC631C92EBAE}
	EndGlobalSection
EndGlobal
